
Microsoft Visual Studio Solution File, Format Version 12.00
# Visual Studio Version 17
VisualStudioVersion = 17.3.32825.248
MinimumVisualStudioVersion = 10.0.40219.1
Project("{FAE04EC0-301F-11D3-BF4B-00C04F79EFBC}") = "calculo", "calculo\calculo.csproj", "{2E937776-6F82-4F8C-B64D-230DB27C3725}"
EndProject
Global
	GlobalSection(SolutionConfigurationPlatforms) = preSolution
		Debug|Any CPU = Debug|Any CPU
		Release|Any CPU = Release|Any CPU
	EndGlobalSection
	GlobalSection(ProjectConfigurationPlatforms) = postSolution
		{2E937776-6F82-4F8C-B64D-230DB27C3725}.Debug|Any CPU.ActiveCfg = Debug|Any CPU
		{2E937776-6F82-4F8C-B64D-230DB27C3725}.Debug|Any CPU.Build.0 = Debug|Any CPU
		{2E937776-6F82-4F8C-B64D-230DB27C3725}.Release|Any CPU.ActiveCfg = Release|Any CPU
		{2E937776-6F82-4F8C-B64D-230DB27C3725}.Release|Any CPU.Build.0 = Release|Any CPU
	EndGlobalSection
	GlobalSection(SolutionProperties) = preSolution
		HideSolutionNode = FALSE
	EndGlobalSection
	GlobalSection(ExtensibilityGlobals) = postSolution
		SolutionGuid = {C41B3661-9872-4B20-8481-9BE3348F7AD6}
	EndGlobalSection
EndGlobal
