
Microsoft Visual Studio Solution File, Format Version 12.00
# Visual Studio Version 17
VisualStudioVersion = 17.3.32825.248
MinimumVisualStudioVersion = 10.0.40219.1
Project("{FAE04EC0-301F-11D3-BF4B-00C04F79EFBC}") = "Interfaces", "Interfaces\Interfaces.csproj", "{AA3A1961-0935-4253-9890-310B79B591ED}"
EndProject
Global
	GlobalSection(SolutionConfigurationPlatforms) = preSolution
		Debug|Any CPU = Debug|Any CPU
		Release|Any CPU = Release|Any CPU
	EndGlobalSection
	GlobalSection(ProjectConfigurationPlatforms) = postSolution
		{AA3A1961-0935-4253-9890-310B79B591ED}.Debug|Any CPU.ActiveCfg = Debug|Any CPU
		{AA3A1961-0935-4253-9890-310B79B591ED}.Debug|Any CPU.Build.0 = Debug|Any CPU
		{AA3A1961-0935-4253-9890-310B79B591ED}.Release|Any CPU.ActiveCfg = Release|Any CPU
		{AA3A1961-0935-4253-9890-310B79B591ED}.Release|Any CPU.Build.0 = Release|Any CPU
	EndGlobalSection
	GlobalSection(SolutionProperties) = preSolution
		HideSolutionNode = FALSE
	EndGlobalSection
	GlobalSection(ExtensibilityGlobals) = postSolution
		SolutionGuid = {F28FE971-74D5-4382-BCA6-3E51044C1F7A}
	EndGlobalSection
EndGlobal
